PODS:
  - Bagel (1.3.2):
    - CocoaAsyncSocket
  - CocoaAsyncSocket (7.6.4)

DEPENDENCIES:
  - Bagel

SPEC REPOS:
  trunk:
    - Bagel
    - CocoaAsyncSocket

SPEC CHECKSUMS:
  Bagel: 199e0105ac694d6eee9db54dd006c940da6ce81b
  CocoaAsyncSocket: 694058e7c0ed05a9e217d1b3c7ded962f4180845

PODFILE CHECKSUM: e0d66c22420fa64c8c3ca1067881b8f6c568a400

COCOAPODS: 1.9.3
